// !$*UTF8*$!
{
	archiveVersion = 1;
	classes = {
	};
	objectVersion = 46;
	objects = {

/* Begin PBXBuildFile section */
		79EC5B8B17DC434000FC5477 /* Foundation.framework in Frameworks */ = {isa = PBXBuildFile; fileRef = 79EC5B8A17DC434000FC5477 /* Foundation.framework */; };
		79EC5B8D17DC434000FC5477 /* CoreGraphics.framework in Frameworks */ = {isa = PBXBuildFile; fileRef = 79EC5B8C17DC434000FC5477 /* CoreGraphics.framework */; };
		79EC5B8F17DC434000FC5477 /* UIKit.framework in Frameworks */ = {isa = PBXBuildFile; fileRef = 79EC5B8E17DC434000FC5477 /* UIKit.framework */; };
		79EC5B9517DC434000FC5477 /* InfoPlist.strings in Resources */ = {isa = PBXBuildFile; fileRef = 79EC5B9317DC434000FC5477 /* InfoPlist.strings */; };
		79EC5B9717DC434000FC5477 /* main.m in Sources */ = {isa = PBXBuildFile; fileRef = 79EC5B9617DC434000FC5477 /* main.m */; };
		79EC5B9B17DC434000FC5477 /* MTAppDelegate.m in Sources */ = {isa = PBXBuildFile; fileRef = 79EC5B9A17DC434000FC5477 /* MTAppDelegate.m */; };
		79EC5B9E17DC434000FC5477 /* MTRootViewController.m in Sources */ = {isa = PBXBuildFile; fileRef = 79EC5B9D17DC434000FC5477 /* MTRootViewController.m */; };
		79EC5BA117DC434000FC5477 /* MTDataViewController.m in Sources */ = {isa = PBXBuildFile; fileRef = 79EC5BA017DC434000FC5477 /* MTDataViewController.m */; };
		79EC5BA417DC434000FC5477 /* MTModelController.m in Sources */ = {isa = PBXBuildFile; fileRef = 79EC5BA317DC434000FC5477 /* MTModelController.m */; };
		79EC5BA717DC434000FC5477 /* Main.storyboard in Resources */ = {isa = PBXBuildFile; fileRef = 79EC5BA517DC434000FC5477 /* Main.storyboard */; };
		79EC5BA917DC434000FC5477 /* Images.xcassets in Resources */ = {isa = PBXBuildFile; fileRef = 79EC5BA817DC434000FC5477 /* Images.xcassets */; };
		79EC5BB017DC434000FC5477 /* XCTest.framework in Frameworks */ = {isa = PBXBuildFile; fileRef = 79EC5BAF17DC434000FC5477 /* XCTest.framework */; };
		79EC5BB117DC434000FC5477 /* Foundation.framework in Frameworks */ = {isa = PBXBuildFile; fileRef = 79EC5B8A17DC434000FC5477 /* Foundation.framework */; };
		79EC5BB217DC434000FC5477 /* UIKit.framework in Frameworks */ = {isa = PBXBuildFile; fileRef = 79EC5B8E17DC434000FC5477 /* UIKit.framework */; };
		79EC5BBA17DC434000FC5477 /* InfoPlist.strings in Resources */ = {isa = PBXBuildFile; fileRef = 79EC5BB817DC434000FC5477 /* InfoPlist.strings */; };
		79EC5BBC17DC434000FC5477 /* mathTouchTests.m in Sources */ = {isa = PBXBuildFile; fileRef = 79EC5BBB17DC434000FC5477 /* mathTouchTests.m */; };
/* End PBXBuildFile section */

/* Begin PBXContainerItemProxy section */
		79EC5BB317DC434000FC5477 /* PBXContainerItemProxy */ = {
			isa = PBXContainerItemProxy;
			containerPortal = 79EC5B7F17DC434000FC5477 /* Project object */;
			proxyType = 1;
			remoteGlobalIDString = 79EC5B8617DC434000FC5477;
			remoteInfo = mathTouch;
		};
/* End PBXContainerItemProxy section */

/* Begin PBXFileReference section */
		79EC5B8717DC434000FC5477 /* mathTouch.app */ = {isa = PBXFileReference; explicitFileType = wrapper.application; includeInIndex = 0; path = mathTouch.app; sourceTree = BUILT_PRODUCTS_DIR; };
		79EC5B8A17DC434000FC5477 /* Foundation.framework */ = {isa = PBXFileReference; lastKnownFileType = wrapper.framework; name = Foundation.framework; path = System/Library/Frameworks/Foundation.framework; sourceTree = SDKROOT; };
		79EC5B8C17DC434000FC5477 /* CoreGraphics.framework */ = {isa = PBXFileReference; lastKnownFileType = wrapper.framework; name = CoreGraphics.framework; path = System/Library/Frameworks/CoreGraphics.framework; sourceTree = SDKROOT; };
		79EC5B8E17DC434000FC5477 /* UIKit.framework */ = {isa = PBXFileReference; lastKnownFileType = wrapper.framework; name = UIKit.framework; path = System/Library/Frameworks/UIKit.framework; sourceTree = SDKROOT; };
		79EC5B9217DC434000FC5477 /* mathTouch-Info.plist */ = {isa = PBXFileReference; lastKnownFileType = text.plist.xml; path = "mathTouch-Info.plist"; sourceTree = "<group>"; };
		79EC5B9417DC434000FC5477 /* en */ = {isa = PBXFileReference; lastKnownFileType = text.plist.strings; name = en; path = en.lproj/InfoPlist.strings; sourceTree = "<group>"; };
		79EC5B9617DC434000FC5477 /* main.m */ = {isa = PBXFileReference; lastKnownFileType = sourcecode.c.objc; path = main.m; sourceTree = "<group>"; };
		79EC5B9817DC434000FC5477 /* mathTouch-Prefix.pch */ = {isa = PBXFileReference; lastKnownFileType = sourcecode.c.h; path = "mathTouch-Prefix.pch"; sourceTree = "<group>"; };
		79EC5B9917DC434000FC5477 /* MTAppDelegate.h */ = {isa = PBXFileReference; lastKnownFileType = sourcecode.c.h; path = MTAppDelegate.h; sourceTree = "<group>"; };
		79EC5B9A17DC434000FC5477 /* MTAppDelegate.m */ = {isa = PBXFileReference; lastKnownFileType = sourcecode.c.objc; path = MTAppDelegate.m; sourceTree = "<group>"; };
		79EC5B9C17DC434000FC5477 /* MTRootViewController.h */ = {isa = PBXFileReference; lastKnownFileType = sourcecode.c.h; path = MTRootViewController.h; sourceTree = "<group>"; };
		79EC5B9D17DC434000FC5477 /* MTRootViewController.m */ = {isa = PBXFileReference; lastKnownFileType = sourcecode.c.objc; path = MTRootViewController.m; sourceTree = "<group>"; };
		79EC5B9F17DC434000FC5477 /* MTDataViewController.h */ = {isa = PBXFileReference; lastKnownFileType = sourcecode.c.h; path = MTDataViewController.h; sourceTree = "<group>"; };
		79EC5BA017DC434000FC5477 /* MTDataViewController.m */ = {isa = PBXFileReference; lastKnownFileType = sourcecode.c.objc; path = MTDataViewController.m; sourceTree = "<group>"; };
		79EC5BA217DC434000FC5477 /* MTModelController.h */ = {isa = PBXFileReference; lastKnownFileType = sourcecode.c.h; path = MTModelController.h; sourceTree = "<group>"; };
		79EC5BA317DC434000FC5477 /* MTModelController.m */ = {isa = PBXFileReference; lastKnownFileType = sourcecode.c.objc; path = MTModelController.m; sourceTree = "<group>"; };
		79EC5BA617DC434000FC5477 /* Base */ = {isa = PBXFileReference; lastKnownFileType = file.storyboard; name = Base; path = Base.lproj/Main.storyboard; sourceTree = "<group>"; };
		79EC5BA817DC434000FC5477 /* Images.xcassets */ = {isa = PBXFileReference; lastKnownFileType = folder.assetcatalog; path = Images.xcassets; sourceTree = "<group>"; };
		79EC5BAE17DC434000FC5477 /* mathTouchTests.xctest */ = {isa = PBXFileReference; explicitFileType = wrapper.cfbundle; includeInIndex = 0; path = mathTouchTests.xctest; sourceTree = BUILT_PRODUCTS_DIR; };
		79EC5BAF17DC434000FC5477 /* XCTest.framework */ = {isa = PBXFileReference; lastKnownFileType = wrapper.framework; name = XCTest.framework; path = Library/Frameworks/XCTest.framework; sourceTree = DEVELOPER_DIR; };
		79EC5BB717DC434000FC5477 /* mathTouchTests-Info.plist */ = {isa = PBXFileReference; lastKnownFileType = text.plist.xml; path = "mathTouchTests-Info.plist"; sourceTree = "<group>"; };
		79EC5BB917DC434000FC5477 /* en */ = {isa = PBXFileReference; lastKnownFileType = text.plist.strings; name = en; path = en.lproj/InfoPlist.strings; sourceTree = "<group>"; };
		79EC5BBB17DC434000FC5477 /* mathTouchTests.m */ = {isa = PBXFileReference; lastKnownFileType = sourcecode.c.objc; path = mathTouchTests.m; sourceTree = "<group>"; };
/* End PBXFileReference section */

/* Begin PBXFrameworksBuildPhase section */
		79EC5B8417DC434000FC5477 /* Frameworks */ = {
			isa = PBXFrameworksBuildPhase;
			buildActionMask = 2147483647;
			files = (
				79EC5B8D17DC434000FC5477 /* CoreGraphics.framework in Frameworks */,
				79EC5B8F17DC434000FC5477 /* UIKit.framework in Frameworks */,
				79EC5B8B17DC434000FC5477 /* Foundation.framework in Frameworks */,
			);
			runOnlyForDeploymentPostprocessing = 0;
		};
		79EC5BAB17DC434000FC5477 /* Frameworks */ = {
			isa = PBXFrameworksBuildPhase;
			buildActionMask = 2147483647;
			files = (
				79EC5BB017DC434000FC5477 /* XCTest.framework in Frameworks */,
				79EC5BB217DC434000FC5477 /* UIKit.framework in Frameworks */,
				79EC5BB117DC434000FC5477 /* Foundation.framework in Frameworks */,
			);
			runOnlyForDeploymentPostprocessing = 0;
		};
/* End PBXFrameworksBuildPhase section */

/* Begin PBXGroup section */
		79EC5B7E17DC434000FC5477 = {
			isa = PBXGroup;
			children = (
				79EC5B9017DC434000FC5477 /* mathTouch */,
				79EC5BB517DC434000FC5477 /* mathTouchTests */,
				79EC5B8917DC434000FC5477 /* Frameworks */,
				79EC5B8817DC434000FC5477 /* Products */,
			);
			sourceTree = "<group>";
		};
		79EC5B8817DC434000FC5477 /* Products */ = {
			isa = PBXGroup;
			children = (
				79EC5B8717DC434000FC5477 /* mathTouch.app */,
				79EC5BAE17DC434000FC5477 /* mathTouchTests.xctest */,
			);
			name = Products;
			sourceTree = "<group>";
		};
		79EC5B8917DC434000FC5477 /* Frameworks */ = {
			isa = PBXGroup;
			children = (
				79EC5B8A17DC434000FC5477 /* Foundation.framework */,
				79EC5B8C17DC434000FC5477 /* CoreGraphics.framework */,
				79EC5B8E17DC434000FC5477 /* UIKit.framework */,
				79EC5BAF17DC434000FC5477 /* XCTest.framework */,
			);
			name = Frameworks;
			sourceTree = "<group>";
		};
		79EC5B9017DC434000FC5477 /* mathTouch */ = {
			isa = PBXGroup;
			children = (
				79EC5B9917DC434000FC5477 /* MTAppDelegate.h */,
				79EC5B9A17DC434000FC5477 /* MTAppDelegate.m */,
				79EC5B9C17DC434000FC5477 /* MTRootViewController.h */,
				79EC5B9D17DC434000FC5477 /* MTRootViewController.m */,
				79EC5B9F17DC434000FC5477 /* MTDataViewController.h */,
				79EC5BA017DC434000FC5477 /* MTDataViewController.m */,
				79EC5BA217DC434000FC5477 /* MTModelController.h */,
				79EC5BA317DC434000FC5477 /* MTModelController.m */,
				79EC5BA517DC434000FC5477 /* Main.storyboard */,
				79EC5BA817DC434000FC5477 /* Images.xcassets */,
				79EC5B9117DC434000FC5477 /* Supporting Files */,
			);
			path = mathTouch;
			sourceTree = "<group>";
		};
		79EC5B9117DC434000FC5477 /* Supporting Files */ = {
			isa = PBXGroup;
			children = (
				79EC5B9217DC434000FC5477 /* mathTouch-Info.plist */,
				79EC5B9317DC434000FC5477 /* InfoPlist.strings */,
				79EC5B9617DC434000FC5477 /* main.m */,
				79EC5B9817DC434000FC5477 /* mathTouch-Prefix.pch */,
			);
			name = "Supporting Files";
			sourceTree = "<group>";
		};
		79EC5BB517DC434000FC5477 /* mathTouchTests */ = {
			isa = PBXGroup;
			children = (
				79EC5BBB17DC434000FC5477 /* mathTouchTests.m */,
				79EC5BB617DC434000FC5477 /* Supporting Files */,
			);
			path = mathTouchTests;
			sourceTree = "<group>";
		};
		79EC5BB617DC434000FC5477 /* Supporting Files */ = {
			isa = PBXGroup;
			children = (
				79EC5BB717DC434000FC5477 /* mathTouchTests-Info.plist */,
				79EC5BB817DC434000FC5477 /* InfoPlist.strings */,
			);
			name = "Supporting Files";
			sourceTree = "<group>";
		};
/* End PBXGroup section */

/* Begin PBXNativeTarget section */
		79EC5B8617DC434000FC5477 /* mathTouch */ = {
			isa = PBXNativeTarget;
			buildConfigurationList = 79EC5BBF17DC434000FC5477 /* Build configuration list for PBXNativeTarget "mathTouch" */;
			buildPhases = (
				79EC5B8317DC434000FC5477 /* Sources */,
				79EC5B8417DC434000FC5477 /* Frameworks */,
				79EC5B8517DC434000FC5477 /* Resources */,
			);
			buildRules = (
			);
			dependencies = (
			);
			name = mathTouch;
			productName = mathTouch;
			productReference = 79EC5B8717DC434000FC5477 /* mathTouch.app */;
			productType = "com.apple.product-type.application";
		};
		79EC5BAD17DC434000FC5477 /* mathTouchTests */ = {
			isa = PBXNativeTarget;
			buildConfigurationList = 79EC5BC217DC434000FC5477 /* Build configuration list for PBXNativeTarget "mathTouchTests" */;
			buildPhases = (
				79EC5BAA17DC434000FC5477 /* Sources */,
				79EC5BAB17DC434000FC5477 /* Frameworks */,
				79EC5BAC17DC434000FC5477 /* Resources */,
			);
			buildRules = (
			);
			dependencies = (
				79EC5BB417DC434000FC5477 /* PBXTargetDependency */,
			);
			name = mathTouchTests;
			productName = mathTouchTests;
			productReference = 79EC5BAE17DC434000FC5477 /* mathTouchTests.xctest */;
			productType = "com.apple.product-type.bundle.unit-test";
		};
/* End PBXNativeTarget section */

/* Begin PBXProject section */
		79EC5B7F17DC434000FC5477 /* Project object */ = {
			isa = PBXProject;
			attributes = {
				CLASSPREFIX = MT;
				LastUpgradeCheck = 0500;
				ORGANIZATIONNAME = "david hilton shanabrook";
				TargetAttributes = {
					79EC5BAD17DC434000FC5477 = {
						TestTargetID = 79EC5B8617DC434000FC5477;
					};
				};
			};
			buildConfigurationList = 79EC5B8217DC434000FC5477 /* Build configuration list for PBXProject "mathTouch" */;
			compatibilityVersion = "Xcode 3.2";
			developmentRegion = English;
			hasScannedForEncodings = 0;
			knownRegions = (
				en,
				Base,
			);
			mainGroup = 79EC5B7E17DC434000FC5477;
			productRefGroup = 79EC5B8817DC434000FC5477 /* Products */;
			projectDirPath = "";
			projectRoot = "";
			targets = (
				79EC5B8617DC434000FC5477 /* mathTouch */,
				79EC5BAD17DC434000FC5477 /* mathTouchTests */,
			);
		};
/* End PBXProject section */

/* Begin PBXResourcesBuildPhase section */
		79EC5B8517DC434000FC5477 /* Resources */ = {
			isa = PBXResourcesBuildPhase;
			buildActionMask = 2147483647;
			files = (
				79EC5BA917DC434000FC5477 /* Images.xcassets in Resources */,
				79EC5B9517DC434000FC5477 /* InfoPlist.strings in Resources */,
				79EC5BA717DC434000FC5477 /* Main.storyboard in Resources */,
			);
			runOnlyForDeploymentPostprocessing = 0;
		};
		79EC5BAC17DC434000FC5477 /* Resources */ = {
			isa = PBXResourcesBuildPhase;
			buildActionMask = 2147483647;
			files = (
				79EC5BBA17DC434000FC5477 /* InfoPlist.strings in Resources */,
			);
			runOnlyForDeploymentPostprocessing = 0;
		};
/* End PBXResourcesBuildPhase section */

/* Begin PBXSourcesBuildPhase section */
		79EC5B8317DC434000FC5477 /* Sources */ = {
			isa = PBXSourcesBuildPhase;
			buildActionMask = 2147483647;
			files = (
				79EC5B9E17DC434000FC5477 /* MTRootViewController.m in Sources */,
				79EC5BA417DC434000FC5477 /* MTModelController.m in Sources */,
				79EC5B9717DC434000FC5477 /* main.m in Sources */,
				79EC5B9B17DC434000FC5477 /* MTAppDelegate.m in Sources */,
				79EC5BA117DC434000FC5477 /* MTDataViewController.m in Sources */,
			);
			runOnlyForDeploymentPostprocessing = 0;
		};
		79EC5BAA17DC434000FC5477 /* Sources */ = {
			isa = PBXSourcesBuildPhase;
			buildActionMask = 2147483647;
			files = (
				79EC5BBC17DC434000FC5477 /* mathTouchTests.m in Sources */,
			);
			runOnlyForDeploymentPostprocessing = 0;
		};
/* End PBXSourcesBuildPhase section */

/* Begin PBXTargetDependency section */
		79EC5BB417DC434000FC5477 /* PBXTargetDependency */ = {
			isa = PBXTargetDependency;
			target = 79EC5B8617DC434000FC5477 /* mathTouch */;
			targetProxy = 79EC5BB317DC434000FC5477 /* PBXContainerItemProxy */;
		};
/* End PBXTargetDependency section */

/* Begin PBXVariantGroup section */
		79EC5B9317DC434000FC5477 /* InfoPlist.strings */ = {
			isa = PBXVariantGroup;
			children = (
				79EC5B9417DC434000FC5477 /* en */,
			);
			name = InfoPlist.strings;
			sourceTree = "<group>";
		};
		79EC5BA517DC434000FC5477 /* Main.storyboard */ = {
			isa = PBXVariantGroup;
			children = (
				79EC5BA617DC434000FC5477 /* Base */,
			);
			name = Main.storyboard;
			sourceTree = "<group>";
		};
		79EC5BB817DC434000FC5477 /* InfoPlist.strings */ = {
			isa = PBXVariantGroup;
			children = (
				79EC5BB917DC434000FC5477 /* en */,
			);
			name = InfoPlist.strings;
			sourceTree = "<group>";
		};
/* End PBXVariantGroup section */

/* Begin XCBuildConfiguration section */
		79EC5BBD17DC434000FC5477 /* Debug */ = {
			isa = XCBuildConfiguration;
			buildSettings = {
				ALWAYS_SEARCH_USER_PATHS = NO;
				CLANG_CXX_LANGUAGE_STANDARD = "gnu++0x";
				CLANG_CXX_LIBRARY = "libc++";
				CLANG_ENABLE_MODULES = YES;
				CLANG_ENABLE_OBJC_ARC = YES;
				CLANG_WARN_BOOL_CONVERSION = YES;
				CLANG_WARN_CONSTANT_CONVERSION = YES;
				CLANG_WARN_DIRECT_OBJC_ISA_USAGE = YES_ERROR;
				CLANG_WARN_EMPTY_BODY = YES;
				CLANG_WARN_ENUM_CONVERSION = YES;
				CLANG_WARN_INT_CONVERSION = YES;
				CLANG_WARN_OBJC_ROOT_CLASS = YES_ERROR;
				CLANG_WARN__DUPLICATE_METHOD_MATCH = YES;
				"CODE_SIGN_IDENTITY[sdk=iphoneos*]" = "iPhone Developer";
				COPY_PHASE_STRIP = NO;
				GCC_C_LANGUAGE_STANDARD = gnu99;
				GCC_DYNAMIC_NO_PIC = NO;
				GCC_OPTIMIZATION_LEVEL = 0;
				GCC_PREPROCESSOR_DEFINITIONS = (
					"DEBUG=1",
					"$(inherited)",
				);
				GCC_SYMBOLS_PRIVATE_EXTERN = NO;
				GCC_WARN_ABOUT_RETURN_TYPE = YES_ERROR;
				GCC_WARN_UNDECLARED_SELECTOR = YES;
				GCC_WARN_UNINITIALIZED_AUTOS = YES;
				GCC_WARN_UNUSED_FUNCTION = YES;
				GCC_WARN_UNUSED_VARIABLE = YES;
				IPHONEOS_DEPLOYMENT_TARGET = 7.0;
				ONLY_ACTIVE_ARCH = YES;
				SDKROOT = iphoneos;
				TARGETED_DEVICE_FAMILY = 2;
			};
			name = Debug;
		};
		79EC5BBE17DC434000FC5477 /* Release */ = {
			isa = XCBuildConfiguration;
			buildSettings = {
				ALWAYS_SEARCH_USER_PATHS = NO;
				CLANG_CXX_LANGUAGE_STANDARD = "gnu++0x";
				CLANG_CXX_LIBRARY = "libc++";
				CLANG_ENABLE_MODULES = YES;
				CLANG_ENABLE_OBJC_ARC = YES;
				CLANG_WARN_BOOL_CONVERSION = YES;
				CLANG_WARN_CONSTANT_CONVERSION = YES;
				CLANG_WARN_DIRECT_OBJC_ISA_USAGE = YES_ERROR;
				CLANG_WARN_EMPTY_BODY = YES;
				CLANG_WARN_ENUM_CONVERSION = YES;
				CLANG_WARN_INT_CONVERSION = YES;
				CLANG_WARN_OBJC_ROOT_CLASS = YES_ERROR;
				CLANG_WARN__DUPLICATE_METHOD_MATCH = YES;
				"CODE_SIGN_IDENTITY[sdk=iphoneos*]" = "iPhone Developer";
				COPY_PHASE_STRIP = YES;
				ENABLE_NS_ASSERTIONS = NO;
				GCC_C_LANGUAGE_STANDARD = gnu99;
				GCC_WARN_ABOUT_RETURN_TYPE = YES_ERROR;
				GCC_WARN_UNDECLARED_SELECTOR = YES;
				GCC_WARN_UNINITIALIZED_AUTOS = YES;
				GCC_WARN_UNUSED_FUNCTION = YES;
				GCC_WARN_UNUSED_VARIABLE = YES;
				IPHONEOS_DEPLOYMENT_TARGET = 7.0;
				SDKROOT = iphoneos;
				TARGETED_DEVICE_FAMILY = 2;
				VALIDATE_PRODUCT = YES;
			};
			name = Release;
		};
		79EC5BC017DC434000FC5477 /* Debug */ = {
			isa = XCBuildConfiguration;
			buildSettings = {
				ASSETCATALOG_COMPILER_APPICON_NAME = AppIcon;
				ASSETCATALOG_COMPILER_LAUNCHIMAGE_NAME = LaunchImage;
				GCC_PRECOMPILE_PREFIX_HEADER = YES;
				GCC_PREFIX_HEADER = "mathTouch/mathTouch-Prefix.pch";
				INFOPLIST_FILE = "mathTouch/mathTouch-Info.plist";
				PRODUCT_NAME = "$(TARGET_NAME)";
				WRAPPER_EXTENSION = app;
			};
			name = Debug;
		};
		79EC5BC117DC434000FC5477 /* Release */ = {
			isa = XCBuildConfiguration;
			buildSettings = {
				ASSETCATALOG_COMPILER_APPICON_NAME = AppIcon;
				ASSETCATALOG_COMPILER_LAUNCHIMAGE_NAME = LaunchImage;
				GCC_PRECOMPILE_PREFIX_HEADER = YES;
				GCC_PREFIX_HEADER = "mathTouch/mathTouch-Prefix.pch";
				INFOPLIST_FILE = "mathTouch/mathTouch-Info.plist";
				PRODUCT_NAME = "$(TARGET_NAME)";
				WRAPPER_EXTENSION = app;
			};
			name = Release;
		};
		79EC5BC317DC434000FC5477 /* Debug */ = {
			isa = XCBuildConfiguration;
			buildSettings = {
				BUNDLE_LOADER = "$(BUILT_PRODUCTS_DIR)/mathTouch.app/mathTouch";
				FRAMEWORK_SEARCH_PATHS = (
					"$(SDKROOT)/Developer/Library/Frameworks",
					"$(inherited)",
					"$(DEVELOPER_FRAMEWORKS_DIR)",
				);
				GCC_PRECOMPILE_PREFIX_HEADER = YES;
				GCC_PREFIX_HEADER = "mathTouch/mathTouch-Prefix.pch";
				GCC_PREPROCESSOR_DEFINITIONS = (
					"DEBUG=1",
					"$(inherited)",
				);
				INFOPLIST_FILE = "mathTouchTests/mathTouchTests-Info.plist";
				PRODUCT_NAME = "$(TARGET_NAME)";
				TEST_HOST = "$(BUNDLE_LOADER)";
				WRAPPER_EXTENSION = xctest;
			};
			name = Debug;
		};
		79EC5BC417DC434000FC5477 /* Release */ = {
			isa = XCBuildConfiguration;
			buildSettings = {
				BUNDLE_LOADER = "$(BUILT_PRODUCTS_DIR)/mathTouch.app/mathTouch";
				FRAMEWORK_SEARCH_PATHS = (
					"$(SDKROOT)/Developer/Library/Frameworks",
					"$(inherited)",
					"$(DEVELOPER_FRAMEWORKS_DIR)",
				);
				GCC_PRECOMPILE_PREFIX_HEADER = YES;
				GCC_PREFIX_HEADER = "mathTouch/mathTouch-Prefix.pch";
				INFOPLIST_FILE = "mathTouchTests/mathTouchTests-Info.plist";
				PRODUCT_NAME = "$(TARGET_NAME)";
				TEST_HOST = "$(BUNDLE_LOADER)";
				WRAPPER_EXTENSION = xctest;
			};
			name = Release;
		};
/* End XCBuildConfiguration section */

/* Begin XCConfigurationList section */
		79EC5B8217DC434000FC5477 /* Build configuration list for PBXProject "mathTouch" */ = {
			isa = XCConfigurationList;
			buildConfigurations = (
				79EC5BBD17DC434000FC5477 /* Debug */,
				79EC5BBE17DC434000FC5477 /* Release */,
			);
			defaultConfigurationIsVisible = 0;
			defaultConfigurationName = Release;
		};
		79EC5BBF17DC434000FC5477 /* Build configuration list for PBXNativeTarget "mathTouch" */ = {
			isa = XCConfigurationList;
			buildConfigurations = (
				79EC5BC017DC434000FC5477 /* Debug */,
				79EC5BC117DC434000FC5477 /* Release */,
			);
			defaultConfigurationIsVisible = 0;
		};
		79EC5BC217DC434000FC5477 /* Build configuration list for PBXNativeTarget "mathTouchTests" */ = {
			isa = XCConfigurationList;
			buildConfigurations = (
				79EC5BC317DC434000FC5477 /* Debug */,
				79EC5BC417DC434000FC5477 /* Release */,
			);
			defaultConfigurationIsVisible = 0;
		};
/* End XCConfigurationList section */
	};
	rootObject = 79EC5B7F17DC434000FC5477 /* Project object */;
}
